// !$*UTF8*$!
{
	archiveVersion = 1;
	classes = {
	};
	objectVersion = 46;
	objects = {

/* Begin PBXBuildFile section */
		620D65C018EB3BC40060D001 /* OWSpaceDataViewController.m in Sources */ = {isa = PBXBuildFile; fileRef = 620D65BF18EB3BC40060D001 /* OWSpaceDataViewController.m */; };
		620D65C318ECA3300060D001 /* OWAddSpaceObjectViewController.m in Sources */ = {isa = PBXBuildFile; fileRef = 620D65C218ECA3300060D001 /* OWAddSpaceObjectViewController.m */; };
		62A5476018E34EFE00BB4C7C /* OWSpceImageViewController.m in Sources */ = {isa = PBXBuildFile; fileRef = 62A5475F18E34EFE00BB4C7C /* OWSpceImageViewController.m */; };
		62F2AD5418D36FED00A60D6C /* Earth.jpg in Resources */ = {isa = PBXBuildFile; fileRef = 62F2AD4A18D36FED00A60D6C /* Earth.jpg */; };
		62F2AD5518D36FED00A60D6C /* EinsteinRing.jpg in Resources */ = {isa = PBXBuildFile; fileRef = 62F2AD4B18D36FED00A60D6C /* EinsteinRing.jpg */; };
		62F2AD5618D36FED00A60D6C /* Jupiter.jpg in Resources */ = {isa = PBXBuildFile; fileRef = 62F2AD4C18D36FED00A60D6C /* Jupiter.jpg */; };
		62F2AD5718D36FED00A60D6C /* Mars.jpg in Resources */ = {isa = PBXBuildFile; fileRef = 62F2AD4D18D36FED00A60D6C /* Mars.jpg */; };
		62F2AD5818D36FED00A60D6C /* Mercury.jpg in Resources */ = {isa = PBXBuildFile; fileRef = 62F2AD4E18D36FED00A60D6C /* Mercury.jpg */; };
		62F2AD5918D36FED00A60D6C /* Neptune.jpg in Resources */ = {isa = PBXBuildFile; fileRef = 62F2AD4F18D36FED00A60D6C /* Neptune.jpg */; };
		62F2AD5A18D36FED00A60D6C /* Orion.jpg in Resources */ = {isa = PBXBuildFile; fileRef = 62F2AD5018D36FED00A60D6C /* Orion.jpg */; };
		62F2AD5B18D36FED00A60D6C /* Saturn.jpg in Resources */ = {isa = PBXBuildFile; fileRef = 62F2AD5118D36FED00A60D6C /* Saturn.jpg */; };
		62F2AD5C18D36FED00A60D6C /* Uranus.jpg in Resources */ = {isa = PBXBuildFile; fileRef = 62F2AD5218D36FED00A60D6C /* Uranus.jpg */; };
		62F2AD5D18D36FED00A60D6C /* Venus.jpg in Resources */ = {isa = PBXBuildFile; fileRef = 62F2AD5318D36FED00A60D6C /* Venus.jpg */; };
		62F2AD6018D3702C00A60D6C /* OWSpaceObject.m in Sources */ = {isa = PBXBuildFile; fileRef = 62F2AD5F18D3702C00A60D6C /* OWSpaceObject.m */; };
		62FC9D9F18D2241B009052E8 /* Foundation.framework in Frameworks */ = {isa = PBXBuildFile; fileRef = 62FC9D9E18D2241B009052E8 /* Foundation.framework */; };
		62FC9DA118D2241B009052E8 /* CoreGraphics.framework in Frameworks */ = {isa = PBXBuildFile; fileRef = 62FC9DA018D2241B009052E8 /* CoreGraphics.framework */; };
		62FC9DA318D2241B009052E8 /* UIKit.framework in Frameworks */ = {isa = PBXBuildFile; fileRef = 62FC9DA218D2241B009052E8 /* UIKit.framework */; };
		62FC9DA918D2241B009052E8 /* InfoPlist.strings in Resources */ = {isa = PBXBuildFile; fileRef = 62FC9DA718D2241B009052E8 /* InfoPlist.strings */; };
		62FC9DAB18D2241B009052E8 /* main.m in Sources */ = {isa = PBXBuildFile; fileRef = 62FC9DAA18D2241B009052E8 /* main.m */; };
		62FC9DAF18D2241B009052E8 /* OWAppDelegate.m in Sources */ = {isa = PBXBuildFile; fileRef = 62FC9DAE18D2241B009052E8 /* OWAppDelegate.m */; };
		62FC9DB218D2241B009052E8 /* Main.storyboard in Resources */ = {isa = PBXBuildFile; fileRef = 62FC9DB018D2241B009052E8 /* Main.storyboard */; };
		62FC9DB718D2241B009052E8 /* Images.xcassets in Resources */ = {isa = PBXBuildFile; fileRef = 62FC9DB618D2241B009052E8 /* Images.xcassets */; };
		62FC9DBE18D2241B009052E8 /* XCTest.framework in Frameworks */ = {isa = PBXBuildFile; fileRef = 62FC9DBD18D2241B009052E8 /* XCTest.framework */; };
		62FC9DBF18D2241B009052E8 /* Foundation.framework in Frameworks */ = {isa = PBXBuildFile; fileRef = 62FC9D9E18D2241B009052E8 /* Foundation.framework */; };
		62FC9DC018D2241B009052E8 /* UIKit.framework in Frameworks */ = {isa = PBXBuildFile; fileRef = 62FC9DA218D2241B009052E8 /* UIKit.framework */; };
		62FC9DC818D2241B009052E8 /* InfoPlist.strings in Resources */ = {isa = PBXBuildFile; fileRef = 62FC9DC618D2241B009052E8 /* InfoPlist.strings */; };
		62FC9DCA18D2241B009052E8 /* Out_of_this_WorldTests.m in Sources */ = {isa = PBXBuildFile; fileRef = 62FC9DC918D2241B009052E8 /* Out_of_this_WorldTests.m */; };
		62FC9DD518D225EC009052E8 /* OWOuterSpaceTableViewController.m in Sources */ = {isa = PBXBuildFile; fileRef = 62FC9DD418D225EC009052E8 /* OWOuterSpaceTableViewController.m */; };
		62FC9DD818D35C4A009052E8 /* AstronomicalData.m in Sources */ = {isa = PBXBuildFile; fileRef = 62FC9DD718D35C4A009052E8 /* AstronomicalData.m */; };
/* End PBXBuildFile section */

/* Begin PBXContainerItemProxy section */
		62FC9DC118D2241B009052E8 /* PBXContainerItemProxy */ = {
			isa = PBXContainerItemProxy;
			containerPortal = 62FC9D9318D2241B009052E8 /* Project object */;
			proxyType = 1;
			remoteGlobalIDString = 62FC9D9A18D2241B009052E8;
			remoteInfo = "Out of this World";
		};
/* End PBXContainerItemProxy section */

/* Begin PBXFileReference section */
		620D65BE18EB3BC40060D001 /* OWSpaceDataViewController.h */ = {isa = PBXFileReference; fileEncoding = 4; lastKnownFileType = sourcecode.c.h; path = OWSpaceDataViewController.h; sourceTree = "<group>"; };
		620D65BF18EB3BC40060D001 /* OWSpaceDataViewController.m */ = {isa = PBXFileReference; fileEncoding = 4; lastKnownFileType = sourcecode.c.objc; path = OWSpaceDataViewController.m; sourceTree = "<group>"; };
		620D65C118ECA3300060D001 /* OWAddSpaceObjectViewController.h */ = {isa = PBXFileReference; fileEncoding = 4; lastKnownFileType = sourcecode.c.h; path = OWAddSpaceObjectViewController.h; sourceTree = "<group>"; };
		620D65C218ECA3300060D001 /* OWAddSpaceObjectViewController.m */ = {isa = PBXFileReference; fileEncoding = 4; lastKnownFileType = sourcecode.c.objc; path = OWAddSpaceObjectViewController.m; sourceTree = "<group>"; };
		62A5475E18E34EFE00BB4C7C /* OWSpceImageViewController.h */ = {isa = PBXFileReference; fileEncoding = 4; lastKnownFileType = sourcecode.c.h; path = OWSpceImageViewController.h; sourceTree = "<group>"; };
		62A5475F18E34EFE00BB4C7C /* OWSpceImageViewController.m */ = {isa = PBXFileReference; fileEncoding = 4; lastKnownFileType = sourcecode.c.objc; path = OWSpceImageViewController.m; sourceTree = "<group>"; };
		62F2AD4A18D36FED00A60D6C /* Earth.jpg */ = {isa = PBXFileReference; lastKnownFileType = image.jpeg; path = Earth.jpg; sourceTree = "<group>"; };
		62F2AD4B18D36FED00A60D6C /* EinsteinRing.jpg */ = {isa = PBXFileReference; lastKnownFileType = image.jpeg; path = EinsteinRing.jpg; sourceTree = "<group>"; };
		62F2AD4C18D36FED00A60D6C /* Jupiter.jpg */ = {isa = PBXFileReference; lastKnownFileType = image.jpeg; path = Jupiter.jpg; sourceTree = "<group>"; };
		62F2AD4D18D36FED00A60D6C /* Mars.jpg */ = {isa = PBXFileReference; lastKnownFileType = image.jpeg; path = Mars.jpg; sourceTree = "<group>"; };
		62F2AD4E18D36FED00A60D6C /* Mercury.jpg */ = {isa = PBXFileReference; lastKnownFileType = image.jpeg; path = Mercury.jpg; sourceTree = "<group>"; };
		62F2AD4F18D36FED00A60D6C /* Neptune.jpg */ = {isa = PBXFileReference; lastKnownFileType = image.jpeg; path = Neptune.jpg; sourceTree = "<group>"; };
		62F2AD5018D36FED00A60D6C /* Orion.jpg */ = {isa = PBXFileReference; lastKnownFileType = image.jpeg; path = Orion.jpg; sourceTree = "<group>"; };
		62F2AD5118D36FED00A60D6C /* Saturn.jpg */ = {isa = PBXFileReference; lastKnownFileType = image.jpeg; path = Saturn.jpg; sourceTree = "<group>"; };
		62F2AD5218D36FED00A60D6C /* Uranus.jpg */ = {isa = PBXFileReference; lastKnownFileType = image.jpeg; path = Uranus.jpg; sourceTree = "<group>"; };
		62F2AD5318D36FED00A60D6C /* Venus.jpg */ = {isa = PBXFileReference; lastKnownFileType = image.jpeg; path = Venus.jpg; sourceTree = "<group>"; };
		62F2AD5E18D3702C00A60D6C /* OWSpaceObject.h */ = {isa = PBXFileReference; fileEncoding = 4; lastKnownFileType = sourcecode.c.h; path = OWSpaceObject.h; sourceTree = "<group>"; };
		62F2AD5F18D3702C00A60D6C /* OWSpaceObject.m */ = {isa = PBXFileReference; fileEncoding = 4; lastKnownFileType = sourcecode.c.objc; path = OWSpaceObject.m; sourceTree = "<group>"; };
		62FC9D9B18D2241B009052E8 /* Out of this World.app */ = {isa = PBXFileReference; explicitFileType = wrapper.application; includeInIndex = 0; path = "Out of this World.app"; sourceTree = BUILT_PRODUCTS_DIR; };
		62FC9D9E18D2241B009052E8 /* Foundation.framework */ = {isa = PBXFileReference; lastKnownFileType = wrapper.framework; name = Foundation.framework; path = System/Library/Frameworks/Foundation.framework; sourceTree = SDKROOT; };
		62FC9DA018D2241B009052E8 /* CoreGraphics.framework */ = {isa = PBXFileReference; lastKnownFileType = wrapper.framework; name = CoreGraphics.framework; path = System/Library/Frameworks/CoreGraphics.framework; sourceTree = SDKROOT; };
		62FC9DA218D2241B009052E8 /* UIKit.framework */ = {isa = PBXFileReference; lastKnownFileType = wrapper.framework; name = UIKit.framework; path = System/Library/Frameworks/UIKit.framework; sourceTree = SDKROOT; };
		62FC9DA618D2241B009052E8 /* Out of this World-Info.plist */ = {isa = PBXFileReference; lastKnownFileType = text.plist.xml; path = "Out of this World-Info.plist"; sourceTree = "<group>"; };
		62FC9DA818D2241B009052E8 /* en */ = {isa = PBXFileReference; lastKnownFileType = text.plist.strings; name = en; path = en.lproj/InfoPlist.strings; sourceTree = "<group>"; };
		62FC9DAA18D2241B009052E8 /* main.m */ = {isa = PBXFileReference; lastKnownFileType = sourcecode.c.objc; path = main.m; sourceTree = "<group>"; };
		62FC9DAC18D2241B009052E8 /* Out of this World-Prefix.pch */ = {isa = PBXFileReference; lastKnownFileType = sourcecode.c.h; path = "Out of this World-Prefix.pch"; sourceTree = "<group>"; };
		62FC9DAD18D2241B009052E8 /* OWAppDelegate.h */ = {isa = PBXFileReference; lastKnownFileType = sourcecode.c.h; path = OWAppDelegate.h; sourceTree = "<group>"; };
		62FC9DAE18D2241B009052E8 /* OWAppDelegate.m */ = {isa = PBXFileReference; lastKnownFileType = sourcecode.c.objc; path = OWAppDelegate.m; sourceTree = "<group>"; };
		62FC9DB118D2241B009052E8 /* Base */ = {isa = PBXFileReference; lastKnownFileType = file.storyboard; name = Base; path = Base.lproj/Main.storyboard; sourceTree = "<group>"; };
		62FC9DB618D2241B009052E8 /* Images.xcassets */ = {isa = PBXFileReference; lastKnownFileType = folder.assetcatalog; path = Images.xcassets; sourceTree = "<group>"; };
		62FC9DBC18D2241B009052E8 /* Out of this WorldTests.xctest */ = {isa = PBXFileReference; explicitFileType = wrapper.cfbundle; includeInIndex = 0; path = "Out of this WorldTests.xctest"; sourceTree = BUILT_PRODUCTS_DIR; };
		62FC9DBD18D2241B009052E8 /* XCTest.framework */ = {isa = PBXFileReference; lastKnownFileType = wrapper.framework; name = XCTest.framework; path = Library/Frameworks/XCTest.framework; sourceTree = DEVELOPER_DIR; };
		62FC9DC518D2241B009052E8 /* Out of this WorldTests-Info.plist */ = {isa = PBXFileReference; lastKnownFileType = text.plist.xml; path = "Out of this WorldTests-Info.plist"; sourceTree = "<group>"; };
		62FC9DC718D2241B009052E8 /* en */ = {isa = PBXFileReference; lastKnownFileType = text.plist.strings; name = en; path = en.lproj/InfoPlist.strings; sourceTree = "<group>"; };
		62FC9DC918D2241B009052E8 /* Out_of_this_WorldTests.m */ = {isa = PBXFileReference; lastKnownFileType = sourcecode.c.objc; path = Out_of_this_WorldTests.m; sourceTree = "<group>"; };
		62FC9DD318D225EC009052E8 /* OWOuterSpaceTableViewController.h */ = {isa = PBXFileReference; fileEncoding = 4; lastKnownFileType = sourcecode.c.h; name = OWOuterSpaceTableViewController.h; path = ../OWOuterSpaceTableViewController.h; sourceTree = "<group>"; };
		62FC9DD418D225EC009052E8 /* OWOuterSpaceTableViewController.m */ = {isa = PBXFileReference; fileEncoding = 4; lastKnownFileType = sourcecode.c.objc; name = OWOuterSpaceTableViewController.m; path = ../OWOuterSpaceTableViewController.m; sourceTree = "<group>"; };
		62FC9DD618D35C4A009052E8 /* AstronomicalData.h */ = {isa = PBXFileReference; fileEncoding = 4; lastKnownFileType = sourcecode.c.h; path = AstronomicalData.h; sourceTree = "<group>"; };
		62FC9DD718D35C4A009052E8 /* AstronomicalData.m */ = {isa = PBXFileReference; fileEncoding = 4; lastKnownFileType = sourcecode.c.objc; path = AstronomicalData.m; sourceTree = "<group>"; };
/* End PBXFileReference section */

/* Begin PBXFrameworksBuildPhase section */
		62FC9D9818D2241B009052E8 /* Frameworks */ = {
			isa = PBXFrameworksBuildPhase;
			buildActionMask = 2147483647;
			files = (
				62FC9DA118D2241B009052E8 /* CoreGraphics.framework in Frameworks */,
				62FC9DA318D2241B009052E8 /* UIKit.framework in Frameworks */,
				62FC9D9F18D2241B009052E8 /* Foundation.framework in Frameworks */,
			);
			runOnlyForDeploymentPostprocessing = 0;
		};
		62FC9DB918D2241B009052E8 /* Frameworks */ = {
			isa = PBXFrameworksBuildPhase;
			buildActionMask = 2147483647;
			files = (
				62FC9DBE18D2241B009052E8 /* XCTest.framework in Frameworks */,
				62FC9DC018D2241B009052E8 /* UIKit.framework in Frameworks */,
				62FC9DBF18D2241B009052E8 /* Foundation.framework in Frameworks */,
			);
			runOnlyForDeploymentPostprocessing = 0;
		};
/* End PBXFrameworksBuildPhase section */

/* Begin PBXGroup section */
		62F2AD4918D36FED00A60D6C /* PlanetImages */ = {
			isa = PBXGroup;
			children = (
				62F2AD4A18D36FED00A60D6C /* Earth.jpg */,
				62F2AD4B18D36FED00A60D6C /* EinsteinRing.jpg */,
				62F2AD4C18D36FED00A60D6C /* Jupiter.jpg */,
				62F2AD4D18D36FED00A60D6C /* Mars.jpg */,
				62F2AD4E18D36FED00A60D6C /* Mercury.jpg */,
				62F2AD4F18D36FED00A60D6C /* Neptune.jpg */,
				62F2AD5018D36FED00A60D6C /* Orion.jpg */,
				62F2AD5118D36FED00A60D6C /* Saturn.jpg */,
				62F2AD5218D36FED00A60D6C /* Uranus.jpg */,
				62F2AD5318D36FED00A60D6C /* Venus.jpg */,
			);
			path = PlanetImages;
			sourceTree = "<group>";
		};
		62FC9D9218D2241B009052E8 = {
			isa = PBXGroup;
			children = (
				62FC9DA418D2241B009052E8 /* Out of this World */,
				62FC9DC318D2241B009052E8 /* Out of this WorldTests */,
				62FC9D9D18D2241B009052E8 /* Frameworks */,
				62FC9D9C18D2241B009052E8 /* Products */,
			);
			sourceTree = "<group>";
		};
		62FC9D9C18D2241B009052E8 /* Products */ = {
			isa = PBXGroup;
			children = (
				62FC9D9B18D2241B009052E8 /* Out of this World.app */,
				62FC9DBC18D2241B009052E8 /* Out of this WorldTests.xctest */,
			);
			name = Products;
			sourceTree = "<group>";
		};
		62FC9D9D18D2241B009052E8 /* Frameworks */ = {
			isa = PBXGroup;
			children = (
				62FC9D9E18D2241B009052E8 /* Foundation.framework */,
				62FC9DA018D2241B009052E8 /* CoreGraphics.framework */,
				62FC9DA218D2241B009052E8 /* UIKit.framework */,
				62FC9DBD18D2241B009052E8 /* XCTest.framework */,
			);
			name = Frameworks;
			sourceTree = "<group>";
		};
		62FC9DA418D2241B009052E8 /* Out of this World */ = {
			isa = PBXGroup;
			children = (
				62FC9DAD18D2241B009052E8 /* OWAppDelegate.h */,
				62FC9DAE18D2241B009052E8 /* OWAppDelegate.m */,
				62FC9DB018D2241B009052E8 /* Main.storyboard */,
				620D65C118ECA3300060D001 /* OWAddSpaceObjectViewController.h */,
				620D65C218ECA3300060D001 /* OWAddSpaceObjectViewController.m */,
				620D65BE18EB3BC40060D001 /* OWSpaceDataViewController.h */,
				620D65BF18EB3BC40060D001 /* OWSpaceDataViewController.m */,
				62A5475E18E34EFE00BB4C7C /* OWSpceImageViewController.h */,
				62A5475F18E34EFE00BB4C7C /* OWSpceImageViewController.m */,
				62FC9DD318D225EC009052E8 /* OWOuterSpaceTableViewController.h */,
				62FC9DD418D225EC009052E8 /* OWOuterSpaceTableViewController.m */,
				62F2AD5E18D3702C00A60D6C /* OWSpaceObject.h */,
				62F2AD5F18D3702C00A60D6C /* OWSpaceObject.m */,
				62FC9DB618D2241B009052E8 /* Images.xcassets */,
				62FC9DA518D2241B009052E8 /* Supporting Files */,
			);
			path = "Out of this World";
			sourceTree = "<group>";
		};
		62FC9DA518D2241B009052E8 /* Supporting Files */ = {
			isa = PBXGroup;
			children = (
				62F2AD4918D36FED00A60D6C /* PlanetImages */,
				62FC9DD618D35C4A009052E8 /* AstronomicalData.h */,
				62FC9DD718D35C4A009052E8 /* AstronomicalData.m */,
				62FC9DA618D2241B009052E8 /* Out of this World-Info.plist */,
				62FC9DA718D2241B009052E8 /* InfoPlist.strings */,
				62FC9DAA18D2241B009052E8 /* main.m */,
				62FC9DAC18D2241B009052E8 /* Out of this World-Prefix.pch */,
			);
			name = "Supporting Files";
			sourceTree = "<group>";
		};
		62FC9DC318D2241B009052E8 /* Out of this WorldTests */ = {
			isa = PBXGroup;
			children = (
				62FC9DC918D2241B009052E8 /* Out_of_this_WorldTests.m */,
				62FC9DC418D2241B009052E8 /* Supporting Files */,
			);
			path = "Out of this WorldTests";
			sourceTree = "<group>";
		};
		62FC9DC418D2241B009052E8 /* Supporting Files */ = {
			isa = PBXGroup;
			children = (
				62FC9DC518D2241B009052E8 /* Out of this WorldTests-Info.plist */,
				62FC9DC618D2241B009052E8 /* InfoPlist.strings */,
			);
			name = "Supporting Files";
			sourceTree = "<group>";
		};
/* End PBXGroup section */

/* Begin PBXNativeTarget section */
		62FC9D9A18D2241B009052E8 /* Out of this World */ = {
			isa = PBXNativeTarget;
			buildConfigurationList = 62FC9DCD18D2241B009052E8 /* Build configuration list for PBXNativeTarget "Out of this World" */;
			buildPhases = (
				62FC9D9718D2241B009052E8 /* Sources */,
				62FC9D9818D2241B009052E8 /* Frameworks */,
				62FC9D9918D2241B009052E8 /* Resources */,
			);
			buildRules = (
			);
			dependencies = (
			);
			name = "Out of this World";
			productName = "Out of this World";
			productReference = 62FC9D9B18D2241B009052E8 /* Out of this World.app */;
			productType = "com.apple.product-type.application";
		};
		62FC9DBB18D2241B009052E8 /* Out of this WorldTests */ = {
			isa = PBXNativeTarget;
			buildConfigurationList = 62FC9DD018D2241B009052E8 /* Build configuration list for PBXNativeTarget "Out of this WorldTests" */;
			buildPhases = (
				62FC9DB818D2241B009052E8 /* Sources */,
				62FC9DB918D2241B009052E8 /* Frameworks */,
				62FC9DBA18D2241B009052E8 /* Resources */,
			);
			buildRules = (
			);
			dependencies = (
				62FC9DC218D2241B009052E8 /* PBXTargetDependency */,
			);
			name = "Out of this WorldTests";
			productName = "Out of this WorldTests";
			productReference = 62FC9DBC18D2241B009052E8 /* Out of this WorldTests.xctest */;
			productType = "com.apple.product-type.bundle.unit-test";
		};
/* End PBXNativeTarget section */

/* Begin PBXProject section */
		62FC9D9318D2241B009052E8 /* Project object */ = {
			isa = PBXProject;
			attributes = {
				CLASSPREFIX = OW;
				LastUpgradeCheck = 0500;
				ORGANIZATIONNAME = "Angeleah Daidone";
				TargetAttributes = {
					62FC9DBB18D2241B009052E8 = {
						TestTargetID = 62FC9D9A18D2241B009052E8;
					};
				};
			};
			buildConfigurationList = 62FC9D9618D2241B009052E8 /* Build configuration list for PBXProject "Out of this World" */;
			compatibilityVersion = "Xcode 3.2";
			developmentRegion = English;
			hasScannedForEncodings = 0;
			knownRegions = (
				en,
				Base,
			);
			mainGroup = 62FC9D9218D2241B009052E8;
			productRefGroup = 62FC9D9C18D2241B009052E8 /* Products */;
			projectDirPath = "";
			projectRoot = "";
			targets = (
				62FC9D9A18D2241B009052E8 /* Out of this World */,
				62FC9DBB18D2241B009052E8 /* Out of this WorldTests */,
			);
		};
/* End PBXProject section */

/* Begin PBXResourcesBuildPhase section */
		62FC9D9918D2241B009052E8 /* Resources */ = {
			isa = PBXResourcesBuildPhase;
			buildActionMask = 2147483647;
			files = (
				62F2AD5418D36FED00A60D6C /* Earth.jpg in Resources */,
				62F2AD5D18D36FED00A60D6C /* Venus.jpg in Resources */,
				62F2AD5818D36FED00A60D6C /* Mercury.jpg in Resources */,
				62F2AD5B18D36FED00A60D6C /* Saturn.jpg in Resources */,
				62F2AD5C18D36FED00A60D6C /* Uranus.jpg in Resources */,
				62FC9DB718D2241B009052E8 /* Images.xcassets in Resources */,
				62F2AD5918D36FED00A60D6C /* Neptune.jpg in Resources */,
				62F2AD5718D36FED00A60D6C /* Mars.jpg in Resources */,
				62FC9DA918D2241B009052E8 /* InfoPlist.strings in Resources */,
				62FC9DB218D2241B009052E8 /* Main.storyboard in Resources */,
				62F2AD5518D36FED00A60D6C /* EinsteinRing.jpg in Resources */,
				62F2AD5618D36FED00A60D6C /* Jupiter.jpg in Resources */,
				62F2AD5A18D36FED00A60D6C /* Orion.jpg in Resources */,
			);
			runOnlyForDeploymentPostprocessing = 0;
		};
		62FC9DBA18D2241B009052E8 /* Resources */ = {
			isa = PBXResourcesBuildPhase;
			buildActionMask = 2147483647;
			files = (
				62FC9DC818D2241B009052E8 /* InfoPlist.strings in Resources */,
			);
			runOnlyForDeploymentPostprocessing = 0;
		};
/* End PBXResourcesBuildPhase section */

/* Begin PBXSourcesBuildPhase section */
		62FC9D9718D2241B009052E8 /* Sources */ = {
			isa = PBXSourcesBuildPhase;
			buildActionMask = 2147483647;
			files = (
				620D65C318ECA3300060D001 /* OWAddSpaceObjectViewController.m in Sources */,
				62FC9DD518D225EC009052E8 /* OWOuterSpaceTableViewController.m in Sources */,
				62A5476018E34EFE00BB4C7C /* OWSpceImageViewController.m in Sources */,
				62F2AD6018D3702C00A60D6C /* OWSpaceObject.m in Sources */,
				62FC9DAF18D2241B009052E8 /* OWAppDelegate.m in Sources */,
				62FC9DAB18D2241B009052E8 /* main.m in Sources */,
				620D65C018EB3BC40060D001 /* OWSpaceDataViewController.m in Sources */,
				62FC9DD818D35C4A009052E8 /* AstronomicalData.m in Sources */,
			);
			runOnlyForDeploymentPostprocessing = 0;
		};
		62FC9DB818D2241B009052E8 /* Sources */ = {
			isa = PBXSourcesBuildPhase;
			buildActionMask = 2147483647;
			files = (
				62FC9DCA18D2241B009052E8 /* Out_of_this_WorldTests.m in Sources */,
			);
			runOnlyForDeploymentPostprocessing = 0;
		};
/* End PBXSourcesBuildPhase section */

/* Begin PBXTargetDependency section */
		62FC9DC218D2241B009052E8 /* PBXTargetDependency */ = {
			isa = PBXTargetDependency;
			target = 62FC9D9A18D2241B009052E8 /* Out of this World */;
			targetProxy = 62FC9DC118D2241B009052E8 /* PBXContainerItemProxy */;
		};
/* End PBXTargetDependency section */

/* Begin PBXVariantGroup section */
		62FC9DA718D2241B009052E8 /* InfoPlist.strings */ = {
			isa = PBXVariantGroup;
			children = (
				62FC9DA818D2241B009052E8 /* en */,
			);
			name = InfoPlist.strings;
			sourceTree = "<group>";
		};
		62FC9DB018D2241B009052E8 /* Main.storyboard */ = {
			isa = PBXVariantGroup;
			children = (
				62FC9DB118D2241B009052E8 /* Base */,
			);
			name = Main.storyboard;
			sourceTree = "<group>";
		};
		62FC9DC618D2241B009052E8 /* InfoPlist.strings */ = {
			isa = PBXVariantGroup;
			children = (
				62FC9DC718D2241B009052E8 /* en */,
			);
			name = InfoPlist.strings;
			sourceTree = "<group>";
		};
/* End PBXVariantGroup section */

/* Begin XCBuildConfiguration section */
		62FC9DCB18D2241B009052E8 /* Debug */ = {
			isa = XCBuildConfiguration;
			buildSettings = {
				ALWAYS_SEARCH_USER_PATHS = NO;
				ARCHS = "$(ARCHS_STANDARD_INCLUDING_64_BIT)";
				CLANG_CXX_LANGUAGE_STANDARD = "gnu++0x";
				CLANG_CXX_LIBRARY = "libc++";
				CLANG_ENABLE_MODULES = YES;
				CLANG_ENABLE_OBJC_ARC = YES;
				CLANG_WARN_BOOL_CONVERSION = YES;
				CLANG_WARN_CONSTANT_CONVERSION = YES;
				CLANG_WARN_DIRECT_OBJC_ISA_USAGE = YES_ERROR;
				CLANG_WARN_EMPTY_BODY = YES;
				CLANG_WARN_ENUM_CONVERSION = YES;
				CLANG_WARN_INT_CONVERSION = YES;
				CLANG_WARN_OBJC_ROOT_CLASS = YES_ERROR;
				CLANG_WARN__DUPLICATE_METHOD_MATCH = YES;
				"CODE_SIGN_IDENTITY[sdk=iphoneos*]" = "iPhone Developer";
				COPY_PHASE_STRIP = NO;
				GCC_C_LANGUAGE_STANDARD = gnu99;
				GCC_DYNAMIC_NO_PIC = NO;
				GCC_OPTIMIZATION_LEVEL = 0;
				GCC_PREPROCESSOR_DEFINITIONS = (
					"DEBUG=1",
					"$(inherited)",
				);
				GCC_SYMBOLS_PRIVATE_EXTERN = NO;
				GCC_WARN_64_TO_32_BIT_CONVERSION = YES;
				GCC_WARN_ABOUT_RETURN_TYPE = YES_ERROR;
				GCC_WARN_UNDECLARED_SELECTOR = YES;
				GCC_WARN_UNINITIALIZED_AUTOS = YES;
				GCC_WARN_UNUSED_FUNCTION = YES;
				GCC_WARN_UNUSED_VARIABLE = YES;
				IPHONEOS_DEPLOYMENT_TARGET = 7.0;
				ONLY_ACTIVE_ARCH = YES;
				SDKROOT = iphoneos;
			};
			name = Debug;
		};
		62FC9DCC18D2241B009052E8 /* Release */ = {
			isa = XCBuildConfiguration;
			buildSettings = {
				ALWAYS_SEARCH_USER_PATHS = NO;
				ARCHS = "$(ARCHS_STANDARD_INCLUDING_64_BIT)";
				CLANG_CXX_LANGUAGE_STANDARD = "gnu++0x";
				CLANG_CXX_LIBRARY = "libc++";
				CLANG_ENABLE_MODULES = YES;
				CLANG_ENABLE_OBJC_ARC = YES;
				CLANG_WARN_BOOL_CONVERSION = YES;
				CLANG_WARN_CONSTANT_CONVERSION = YES;
				CLANG_WARN_DIRECT_OBJC_ISA_USAGE = YES_ERROR;
				CLANG_WARN_EMPTY_BODY = YES;
				CLANG_WARN_ENUM_CONVERSION = YES;
				CLANG_WARN_INT_CONVERSION = YES;
				CLANG_WARN_OBJC_ROOT_CLASS = YES_ERROR;
				CLANG_WARN__DUPLICATE_METHOD_MATCH = YES;
				"CODE_SIGN_IDENTITY[sdk=iphoneos*]" = "iPhone Developer";
				COPY_PHASE_STRIP = YES;
				ENABLE_NS_ASSERTIONS = NO;
				GCC_C_LANGUAGE_STANDARD = gnu99;
				GCC_WARN_64_TO_32_BIT_CONVERSION = YES;
				GCC_WARN_ABOUT_RETURN_TYPE = YES_ERROR;
				GCC_WARN_UNDECLARED_SELECTOR = YES;
				GCC_WARN_UNINITIALIZED_AUTOS = YES;
				GCC_WARN_UNUSED_FUNCTION = YES;
				GCC_WARN_UNUSED_VARIABLE = YES;
				IPHONEOS_DEPLOYMENT_TARGET = 7.0;
				SDKROOT = iphoneos;
				VALIDATE_PRODUCT = YES;
			};
			name = Release;
		};
		62FC9DCE18D2241B009052E8 /* Debug */ = {
			isa = XCBuildConfiguration;
			buildSettings = {
				ASSETCATALOG_COMPILER_APPICON_NAME = AppIcon;
				ASSETCATALOG_COMPILER_LAUNCHIMAGE_NAME = LaunchImage;
				GCC_PRECOMPILE_PREFIX_HEADER = YES;
				GCC_PREFIX_HEADER = "Out of this World/Out of this World-Prefix.pch";
				INFOPLIST_FILE = "Out of this World/Out of this World-Info.plist";
				PRODUCT_NAME = "$(TARGET_NAME)";
				WRAPPER_EXTENSION = app;
			};
			name = Debug;
		};
		62FC9DCF18D2241B009052E8 /* Release */ = {
			isa = XCBuildConfiguration;
			buildSettings = {
				ASSETCATALOG_COMPILER_APPICON_NAME = AppIcon;
				ASSETCATALOG_COMPILER_LAUNCHIMAGE_NAME = LaunchImage;
				GCC_PRECOMPILE_PREFIX_HEADER = YES;
				GCC_PREFIX_HEADER = "Out of this World/Out of this World-Prefix.pch";
				INFOPLIST_FILE = "Out of this World/Out of this World-Info.plist";
				PRODUCT_NAME = "$(TARGET_NAME)";
				WRAPPER_EXTENSION = app;
			};
			name = Release;
		};
		62FC9DD118D2241B009052E8 /* Debug */ = {
			isa = XCBuildConfiguration;
			buildSettings = {
				ARCHS = "$(ARCHS_STANDARD_INCLUDING_64_BIT)";
				BUNDLE_LOADER = "$(BUILT_PRODUCTS_DIR)/Out of this World.app/Out of this World";
				FRAMEWORK_SEARCH_PATHS = (
					"$(SDKROOT)/Developer/Library/Frameworks",
					"$(inherited)",
					"$(DEVELOPER_FRAMEWORKS_DIR)",
				);
				GCC_PRECOMPILE_PREFIX_HEADER = YES;
				GCC_PREFIX_HEADER = "Out of this World/Out of this World-Prefix.pch";
				GCC_PREPROCESSOR_DEFINITIONS = (
					"DEBUG=1",
					"$(inherited)",
				);
				INFOPLIST_FILE = "Out of this WorldTests/Out of this WorldTests-Info.plist";
				PRODUCT_NAME = "$(TARGET_NAME)";
				TEST_HOST = "$(BUNDLE_LOADER)";
				WRAPPER_EXTENSION = xctest;
			};
			name = Debug;
		};
		62FC9DD218D2241B009052E8 /* Release */ = {
			isa = XCBuildConfiguration;
			buildSettings = {
				ARCHS = "$(ARCHS_STANDARD_INCLUDING_64_BIT)";
				BUNDLE_LOADER = "$(BUILT_PRODUCTS_DIR)/Out of this World.app/Out of this World";
				FRAMEWORK_SEARCH_PATHS = (
					"$(SDKROOT)/Developer/Library/Frameworks",
					"$(inherited)",
					"$(DEVELOPER_FRAMEWORKS_DIR)",
				);
				GCC_PRECOMPILE_PREFIX_HEADER = YES;
				GCC_PREFIX_HEADER = "Out of this World/Out of this World-Prefix.pch";
				INFOPLIST_FILE = "Out of this WorldTests/Out of this WorldTests-Info.plist";
				PRODUCT_NAME = "$(TARGET_NAME)";
				TEST_HOST = "$(BUNDLE_LOADER)";
				WRAPPER_EXTENSION = xctest;
			};
			name = Release;
		};
/* End XCBuildConfiguration section */

/* Begin XCConfigurationList section */
		62FC9D9618D2241B009052E8 /* Build configuration list for PBXProject "Out of this World" */ = {
			isa = XCConfigurationList;
			buildConfigurations = (
				62FC9DCB18D2241B009052E8 /* Debug */,
				62FC9DCC18D2241B009052E8 /* Release */,
			);
			defaultConfigurationIsVisible = 0;
			defaultConfigurationName = Release;
		};
		62FC9DCD18D2241B009052E8 /* Build configuration list for PBXNativeTarget "Out of this World" */ = {
			isa = XCConfigurationList;
			buildConfigurations = (
				62FC9DCE18D2241B009052E8 /* Debug */,
				62FC9DCF18D2241B009052E8 /* Release */,
			);
			defaultConfigurationIsVisible = 0;
			defaultConfigurationName = Release;
		};
		62FC9DD018D2241B009052E8 /* Build configuration list for PBXNativeTarget "Out of this WorldTests" */ = {
			isa = XCConfigurationList;
			buildConfigurations = (
				62FC9DD118D2241B009052E8 /* Debug */,
				62FC9DD218D2241B009052E8 /* Release */,
			);
			defaultConfigurationIsVisible = 0;
			defaultConfigurationName = Release;
		};
/* End XCConfigurationList section */
	};
	rootObject = 62FC9D9318D2241B009052E8 /* Project object */;
}
